PODS:
  - AutomatID (1.9.3):
    - NFCPassportReader
    - OTML
    - OTMLCore
    - OTMLFaceRecognitionAddon
    - OTMLModels
    - OTMLMRZReaderAddon
    - OTMLNfcDocumentReaderModule
  - DYCoding (1.0)
  - GoogleDataTransport (9.2.1):
    - GoogleUtilities/Environment (~> 7.7)
    - nanopb (< 2.30910.0, >= 2.30908.0)
    - PromisesObjC (< 3.0, >= 1.2)
  - GoogleMLKit/FaceDetection (3.2.0):
    - GoogleMLKit/MLKitCore
    - MLKitFaceDetection (~> 2.2.0)
  - GoogleMLKit/MLKitCore (3.2.0):
    - MLKitCommon (~> 8.0.0)
  - GoogleToolboxForMac/DebugUtils (2.3.2):
    - GoogleToolboxForMac/Defines (= 2.3.2)
  - GoogleToolboxForMac/Defines (2.3.2)
  - GoogleToolboxForMac/Logger (2.3.2):
    - GoogleToolboxForMac/Defines (= 2.3.2)
  - "GoogleToolboxForMac/NSData+zlib (2.3.2)":
    - GoogleToolboxForMac/Defines (= 2.3.2)
  - "GoogleToolboxForMac/NSDictionary+URLArguments (2.3.2)":
    - GoogleToolboxForMac/DebugUtils (= 2.3.2)
    - GoogleToolboxForMac/Defines (= 2.3.2)
    - "GoogleToolboxForMac/NSString+URLArguments (= 2.3.2)"
  - "GoogleToolboxForMac/NSString+URLArguments (2.3.2)"
  - GoogleUtilities/Environment (7.11.0):
    - PromisesObjC (< 3.0, >= 1.2)
  - GoogleUtilities/Logger (7.11.0):
    - GoogleUtilities/Environment
  - GoogleUtilities/UserDefaults (7.11.0):
    - GoogleUtilities/Logger
  - GoogleUtilitiesComponents (1.1.0):
    - GoogleUtilities/Logger
  - GPUImage (0.1.7)
  - GTMSessionFetcher/Core (1.7.2)
  - lottie-ios (2.5.3)
  - MLImage (1.0.0-beta3)
  - MLKitCommon (8.0.0):
    - GoogleDataTransport (~> 9.0)
    - GoogleToolboxForMac/Logger (~> 2.1)
    - "GoogleToolboxForMac/NSData+zlib (~> 2.1)"
    - "GoogleToolboxForMac/NSDictionary+URLArguments (~> 2.1)"
    - GoogleUtilities/UserDefaults (~> 7.0)
    - GoogleUtilitiesComponents (~> 1.0)
    - GTMSessionFetcher/Core (~> 1.1)
    - Protobuf (~> 3.12)
  - MLKitFaceDetection (2.2.0):
    - MLKitCommon (~> 8.0)
    - MLKitVision (~> 4.2)
  - MLKitVision (4.2.0):
    - GoogleToolboxForMac/Logger (~> 2.1)
    - "GoogleToolboxForMac/NSData+zlib (~> 2.1)"
    - GTMSessionFetcher/Core (~> 1.1)
    - MLImage (= 1.0.0-beta3)
    - MLKitCommon (~> 8.0)
    - Protobuf (~> 3.12)
  - nanopb (2.30909.0):
    - nanopb/decode (= 2.30909.0)
    - nanopb/encode (= 2.30909.0)
  - nanopb/decode (2.30909.0)
  - nanopb/encode (2.30909.0)
  - NFCPassportReader (1.9.3):
    - OpenSSL-Universal (= 1.1.180)
  - OpenSSL-Universal (1.1.180)
  - OTML (1.9.3):
    - DYCoding
    - lottie-ios (= 2.5.3)
    - OTMLCore
    - OTMLModels
    - SMJJSONPath
    - TBXML
  - OTMLCore (1.9.3):
    - SAMKeychain
  - OTMLFaceRecognitionAddon (1.9.3):
    - GoogleMLKit/FaceDetection
    - OTML
    - OTMLCore
    - OTMLModels
  - OTMLModels (1.9.3):
    - TBXML
  - OTMLMRZReaderAddon (1.9.3):
    - GPUImage
    - OTML
    - OTMLCore
    - OTMLModels
    - TesseractOCRSDKiOS
  - OTMLNfcDocumentReaderModule (1.9.3):
    - NFCPassportReader
    - OTML
    - OTMLCore
    - OTMLModels
  - PromisesObjC (2.1.1)
  - Protobuf (3.21.12)
  - SAMKeychain (1.5.3)
  - SMJJSONPath (0.2.3)
  - TBXML (1.5)
  - TesseractOCRSDKiOS (4.0.2)

DEPENDENCIES:
  - AutomatID

SPEC REPOS:
  "git@github.com:automatid/automatid_specs.git":
    - AutomatID
    - NFCPassportReader
    - OTML
    - OTMLCore
    - OTMLFaceRecognitionAddon
    - OTMLModels
    - OTMLMRZReaderAddon
    - OTMLNfcDocumentReaderModule
  https://github.com/CocoaPods/Specs.git:
    - DYCoding
    - GoogleDataTransport
    - GoogleMLKit
    - GoogleToolboxForMac
    - GoogleUtilities
    - GoogleUtilitiesComponents
    - GPUImage
    - GTMSessionFetcher
    - lottie-ios
    - MLImage
    - MLKitCommon
    - MLKitFaceDetection
    - MLKitVision
    - nanopb
    - OpenSSL-Universal
    - PromisesObjC
    - Protobuf
    - SAMKeychain
    - SMJJSONPath
    - TBXML
    - TesseractOCRSDKiOS

SPEC CHECKSUMS:
  AutomatID: 7221f34a7a328de4de183036a1af4a733ab41bf3
  DYCoding: d598c00d5900fe069faae3f4002bbf1479f699a1
  GoogleDataTransport: ea169759df570f4e37bdee1623ec32a7e64e67c4
  GoogleMLKit: 0017a6a8372e1a182139b9def4d89be5d87ca5a7
  GoogleToolboxForMac: 8bef7c7c5cf7291c687cf5354f39f9db6399ad34
  GoogleUtilities: c2bdc4cf2ce786c4d2e6b3bcfd599a25ca78f06f
  GoogleUtilitiesComponents: 679b2c881db3b615a2777504623df6122dd20afe
  GPUImage: 733a5f0fab92df9de1c37ba9df520a833ccb406d
  GTMSessionFetcher: 5595ec75acf5be50814f81e9189490412bad82ba
  lottie-ios: a50d5c0160425cd4b01b852bb9578963e6d92d31
  MLImage: 489dfec109f21da8621b28d476401aaf7a0d4ff4
  MLKitCommon: f6da6c5659618c070b50a80db01248ebe2964175
  MLKitFaceDetection: 9f29d8d0bb38911281407e24e74d2e5da812ba8d
  MLKitVision: 96c96571190b7f63eddf4a12068ce8a8689e0d2c
  nanopb: b552cce312b6c8484180ef47159bc0f65a1f0431
  NFCPassportReader: 78fa5fd9ab54b08043949ff2adee03288de42590
  OpenSSL-Universal: 1aa4f6a6ee7256b83db99ec1ccdaa80d10f9af9b
  OTML: 4f0ecda46819999208a72652ea7f79963b746bd4
  OTMLCore: 3479800499d3aac106b9b2b0be2400c1c40b0e86
  OTMLFaceRecognitionAddon: 9388cf7da82866964302ae5fe5fb9396420456ba
  OTMLModels: f43913aebd3f982992dd7d6f86d499cfba08579a
  OTMLMRZReaderAddon: 23e2667311aff133ad5be1f09e5253429ab21c57
  OTMLNfcDocumentReaderModule: 872ccda286b7e06a5bd435123850a330ab27181a
  PromisesObjC: ab77feca74fa2823e7af4249b8326368e61014cb
  Protobuf: 120350fc38646e2dedc26f49ecba778184ea1de2
  SAMKeychain: 483e1c9f32984d50ca961e26818a534283b4cd5c
  SMJJSONPath: f17ad811ebac9f68ea304f89a354c27653975021
  TBXML: 9f9dadb239f2f2af1dadb87fe43a0ce6e479379a
  TesseractOCRSDKiOS: 5124816fe04de75f4d7ce91eb8b2bb5096aa6519

PODFILE CHECKSUM: 18a7c8922c2911fc4261d0cd66d90270d8a7865c

COCOAPODS: 1.11.3
