PODS:
  - AutomatID (2.1.3):
    - OTML
    - OTMLCore
    - OTMLFaceRecognitionAddon
    - OTMLModels
    - OTMLMRZReaderAddon
    - OTMLNfcDocumentReaderModule
    - OTNFCPassportReader
  - DYCoding (1.0)
  - GoogleDataTransport (9.2.3):
    - GoogleUtilities/Environment (~> 7.7)
    - nanopb (< 2.30910.0, >= 2.30908.0)
    - PromisesObjC (< 3.0, >= 1.2)
  - GoogleMLKit/FaceDetection (4.0.0):
    - GoogleMLKit/MLKitCore
    - MLKitFaceDetection (~> 3.0.0)
  - GoogleMLKit/MLKitCore (4.0.0):
    - MLKitCommon (~> 9.0.0)
  - GoogleMLKit/TextRecognition (4.0.0):
    - GoogleMLKit/MLKitCore
    - MLKitTextRecognition (~> 2.0.0)
  - GoogleToolboxForMac/DebugUtils (2.3.2):
    - GoogleToolboxForMac/Defines (= 2.3.2)
  - GoogleToolboxForMac/Defines (2.3.2)
  - GoogleToolboxForMac/Logger (2.3.2):
    - GoogleToolboxForMac/Defines (= 2.3.2)
  - "GoogleToolboxForMac/NSData+zlib (2.3.2)":
    - GoogleToolboxForMac/Defines (= 2.3.2)
  - "GoogleToolboxForMac/NSDictionary+URLArguments (2.3.2)":
    - GoogleToolboxForMac/DebugUtils (= 2.3.2)
    - GoogleToolboxForMac/Defines (= 2.3.2)
    - "GoogleToolboxForMac/NSString+URLArguments (= 2.3.2)"
  - "GoogleToolboxForMac/NSString+URLArguments (2.3.2)"
  - GoogleUtilities/Environment (7.11.1):
    - PromisesObjC (< 3.0, >= 1.2)
  - GoogleUtilities/Logger (7.11.1):
    - GoogleUtilities/Environment
  - GoogleUtilities/UserDefaults (7.11.1):
    - GoogleUtilities/Logger
  - GoogleUtilitiesComponents (1.1.0):
    - GoogleUtilities/Logger
  - GPUImage (0.1.7)
  - GTMSessionFetcher/Core (2.3.0)
  - lottie-ios (2.5.3)
  - MLImage (1.0.0-beta4)
  - MLKitCommon (9.0.0):
    - GoogleDataTransport (~> 9.0)
    - GoogleToolboxForMac/Logger (~> 2.1)
    - "GoogleToolboxForMac/NSData+zlib (~> 2.1)"
    - "GoogleToolboxForMac/NSDictionary+URLArguments (~> 2.1)"
    - GoogleUtilities/UserDefaults (~> 7.0)
    - GoogleUtilitiesComponents (~> 1.0)
    - GTMSessionFetcher/Core (< 3.0, >= 1.1)
  - MLKitFaceDetection (3.0.0):
    - MLKitCommon (~> 9.0)
    - MLKitVision (~> 5.0)
  - MLKitTextRecognition (2.0.0):
    - MLKitCommon (~> 9.0)
    - MLKitTextRecognitionCommon (= 1.0.0)
    - MLKitVision (~> 5.0)
  - MLKitTextRecognitionCommon (1.0.0):
    - MLKitCommon (~> 9.0)
    - MLKitVision (~> 5.0)
  - MLKitVision (5.0.0):
    - GoogleToolboxForMac/Logger (~> 2.1)
    - "GoogleToolboxForMac/NSData+zlib (~> 2.1)"
    - GTMSessionFetcher/Core (< 3.0, >= 1.1)
    - MLImage (= 1.0.0-beta4)
    - MLKitCommon (~> 9.0)
  - nanopb (2.30909.0):
    - nanopb/decode (= 2.30909.0)
    - nanopb/encode (= 2.30909.0)
  - nanopb/decode (2.30909.0)
  - nanopb/encode (2.30909.0)
  - NFCPassportReader (1.9.15):
    - OpenSSL-Universal (= 1.1.180)
  - OpenSSL-Universal (1.1.180)
  - OTML (2.1.3):
    - DYCoding
    - lottie-ios (= 2.5.3)
    - OTMLCore
    - OTMLModels
    - TBXML
  - OTMLCore (2.1.3):
    - SAMKeychain
  - OTMLFaceRecognitionAddon (2.1.3):
    - GoogleMLKit/FaceDetection
    - OTML
    - OTMLCore
    - OTMLModels
  - OTMLModels (2.1.3):
    - TBXML
  - OTMLMRZReaderAddon (2.1.3):
    - GoogleMLKit/TextRecognition
    - GPUImage
    - OTML
    - OTMLCore
    - OTMLModels
  - OTMLNfcDocumentReaderModule (2.1.3):
    - NFCPassportReader
    - OTML
    - OTMLCore
    - OTMLModels
    - OTNFCPassportReader
  - OTNFCPassportReader (2.1.3):
    - OpenSSL-Universal (= 1.1.180)
  - PromisesObjC (2.2.0)
  - SAMKeychain (1.5.3)
  - TBXML (1.5)

DEPENDENCIES:
  - AutomatID

SPEC REPOS:
  "git@github.com:automatid/automatid_specs.git":
    - AutomatID
    - NFCPassportReader
    - OTML
    - OTMLCore
    - OTMLFaceRecognitionAddon
    - OTMLModels
    - OTMLMRZReaderAddon
    - OTMLNfcDocumentReaderModule
    - OTNFCPassportReader
  https://github.com/CocoaPods/Specs.git:
    - DYCoding
    - GoogleDataTransport
    - GoogleMLKit
    - GoogleToolboxForMac
    - GoogleUtilities
    - GoogleUtilitiesComponents
    - GPUImage
    - GTMSessionFetcher
    - lottie-ios
    - MLImage
    - MLKitCommon
    - MLKitFaceDetection
    - MLKitTextRecognition
    - MLKitTextRecognitionCommon
    - MLKitVision
    - nanopb
    - OpenSSL-Universal
    - PromisesObjC
    - SAMKeychain
    - TBXML

SPEC CHECKSUMS:
  AutomatID: 816f6752b6309be88ed941a07d23423ccc8e3749
  DYCoding: d598c00d5900fe069faae3f4002bbf1479f699a1
  GoogleDataTransport: f0308f5905a745f94fb91fea9c6cbaf3831cb1bd
  GoogleMLKit: 2bd0dc6253c4d4f227aad460f69215a504b2980e
  GoogleToolboxForMac: 8bef7c7c5cf7291c687cf5354f39f9db6399ad34
  GoogleUtilities: 9aa0ad5a7bc171f8bae016300bfcfa3fb8425749
  GoogleUtilitiesComponents: 679b2c881db3b615a2777504623df6122dd20afe
  GPUImage: 733a5f0fab92df9de1c37ba9df520a833ccb406d
  GTMSessionFetcher: 3a63d75eecd6aa32c2fc79f578064e1214dfdec2
  lottie-ios: a50d5c0160425cd4b01b852bb9578963e6d92d31
  MLImage: 7bb7c4264164ade9bf64f679b40fb29c8f33ee9b
  MLKitCommon: c1b791c3e667091918d91bda4bba69a91011e390
  MLKitFaceDetection: 4981488f71ea8ed718cda692a29ab562637d9ae5
  MLKitTextRecognition: 9ff0c843f2723d31d4bdd0c0d17a0a18382ed23e
  MLKitTextRecognitionCommon: 0d48930fee25cce9d52d0ba217490d4797061aa2
  MLKitVision: 8baa5f46ee3352614169b85250574fde38c36f49
  nanopb: b552cce312b6c8484180ef47159bc0f65a1f0431
  NFCPassportReader: 933193941b717b7d803b4f624e7367fd4ce1ec94
  OpenSSL-Universal: 1aa4f6a6ee7256b83db99ec1ccdaa80d10f9af9b
  OTML: d881ff7fcbba622079066686d01d570036c78f4a
  OTMLCore: 987d8d05f7a528ccb578ad017dd74ac8a8444dd1
  OTMLFaceRecognitionAddon: 127372822b5edb34231f12b10e84a35eae372636
  OTMLModels: 78b53cf558e2ef12e964d20c16a7fc2c04bb3c7b
  OTMLMRZReaderAddon: fbbcac851441f3713c4a8a958e6c4cc17ebd96aa
  OTMLNfcDocumentReaderModule: d50b8030e4665ea7d1a9d494765e1a4bcffa2e60
  OTNFCPassportReader: 70dca205226c52f8f884f890deb4e1a981260913
  PromisesObjC: 09985d6d70fbe7878040aa746d78236e6946d2ef
  SAMKeychain: 483e1c9f32984d50ca961e26818a534283b4cd5c
  TBXML: 9f9dadb239f2f2af1dadb87fe43a0ce6e479379a

PODFILE CHECKSUM: 7eafa4451a5bb0ff674f1500634c0a31382c366b

COCOAPODS: 1.12.1
